
Microsoft Visual Studio Solution File, Format Version 12.00
# Visual Studio Version 16
VisualStudioVersion = 16.0.30523.141
MinimumVisualStudioVersion = 10.0.40219.1
Project("{9A19103F-16F7-4668-BE54-9A1E7A4F7556}") = "WIDGET-API", "WIDGET-API\WIDGET-API.csproj", "{5787E8BA-3142-4981-8150-2C83FF11B6B7}"
EndProject
Project("{9A19103F-16F7-4668-BE54-9A1E7A4F7556}") = "WIDGET-Context", "WIDGET-Context\WIDGET-Context.csproj", "{6636890E-83B5-4DA3-8915-C6D67164D83A}"
EndProject
Project("{9A19103F-16F7-4668-BE54-9A1E7A4F7556}") = "WIDGET-Controller", "WIDGET-Controller\WIDGET-Controller.csproj", "{282CB274-FE18-4FE7-A640-AC4DFB933450}"
EndProject
Project("{00D1A9C2-B5F0-4AF3-8072-F6C62B433612}") = "WIDGET-Database", "WIDGET-Database\WIDGET-Database.sqlproj", "{DD22930A-61D5-444D-BA85-DE0B32032937}"
EndProject
Project("{9A19103F-16F7-4668-BE54-9A1E7A4F7556}") = "WIDGET-Model-Net", "WIDGET-Model-Net\WIDGET-Model-Net.csproj", "{6FB16AEE-4282-41F1-B84C-6516981943EC}"
EndProject
Project("{9A19103F-16F7-4668-BE54-9A1E7A4F7556}") = "WIDGET-Model-Core", "WIDGET-Model-Core\WIDGET-Model-Core.csproj", "{5BE0C7FF-7166-4EEE-B081-DAFF1F92E69B}"
EndProject
Project("{9A19103F-16F7-4668-BE54-9A1E7A4F7556}") = "WIDGET", "WIDGET\WIDGET.csproj", "{39649C08-8DE1-40A4-AE97-5B988A18843D}"
EndProject
Project("{D954291E-2A0B-460D-934E-DC6B0785DB48}") = "WIDGET-Model", "WIDGET-Model\WIDGET-Model.shproj", "{2CA43E1C-8B19-4C5E-AFAF-8F1446A8E21E}"
EndProject
Project("{FAE04EC0-301F-11D3-BF4B-00C04F79EFBC}") = "WIDGET-Try", "WIDGET-Try\WIDGET-Try.csproj", "{B9C10296-C758-40C0-BE87-1382F4381C46}"
EndProject
Project("{D954291E-2A0B-460D-934E-DC6B0785DB48}") = "WIDGET-Exception-Model", "WIDGET-Exception-Model\WIDGET-Exception-Model.shproj", "{F18B7195-5034-46D5-B6DA-D54309A96B43}"
EndProject
Project("{FAE04EC0-301F-11D3-BF4B-00C04F79EFBC}") = "WIDGET-Exception-Model-Net", "WIDGET-Exception-Model-Net\WIDGET-Exception-Model-Net.csproj", "{877CE0FA-D393-4834-88E9-05B09933CF42}"
EndProject
Global
	GlobalSection(SharedMSBuildProjectFiles) = preSolution
		WIDGET-Model\WIDGET-Model.projitems*{2ca43e1c-8b19-4c5e-afaf-8f1446a8e21e}*SharedItemsImports = 13
		WIDGET-Model\WIDGET-Model.projitems*{5be0c7ff-7166-4eee-b081-daff1f92e69b}*SharedItemsImports = 5
		WIDGET-Model\WIDGET-Model.projitems*{6fb16aee-4282-41f1-b84c-6516981943ec}*SharedItemsImports = 5
		WIDGET-Exception-Model\WIDGET-Exception-Model.projitems*{877ce0fa-d393-4834-88e9-05b09933cf42}*SharedItemsImports = 5
		WIDGET-Exception-Model\WIDGET-Exception-Model.projitems*{f18b7195-5034-46d5-b6da-d54309a96b43}*SharedItemsImports = 13
	EndGlobalSection
	GlobalSection(SolutionConfigurationPlatforms) = preSolution
		Debug|Any CPU = Debug|Any CPU
		Release|Any CPU = Release|Any CPU
	EndGlobalSection
	GlobalSection(ProjectConfigurationPlatforms) = postSolution
		{5787E8BA-3142-4981-8150-2C83FF11B6B7}.Debug|Any CPU.ActiveCfg = Debug|Any CPU
		{5787E8BA-3142-4981-8150-2C83FF11B6B7}.Debug|Any CPU.Build.0 = Debug|Any CPU
		{5787E8BA-3142-4981-8150-2C83FF11B6B7}.Release|Any CPU.ActiveCfg = Release|Any CPU
		{5787E8BA-3142-4981-8150-2C83FF11B6B7}.Release|Any CPU.Build.0 = Release|Any CPU
		{6636890E-83B5-4DA3-8915-C6D67164D83A}.Debug|Any CPU.ActiveCfg = Debug|Any CPU
		{6636890E-83B5-4DA3-8915-C6D67164D83A}.Debug|Any CPU.Build.0 = Debug|Any CPU
		{6636890E-83B5-4DA3-8915-C6D67164D83A}.Release|Any CPU.ActiveCfg = Release|Any CPU
		{6636890E-83B5-4DA3-8915-C6D67164D83A}.Release|Any CPU.Build.0 = Release|Any CPU
		{282CB274-FE18-4FE7-A640-AC4DFB933450}.Debug|Any CPU.ActiveCfg = Debug|Any CPU
		{282CB274-FE18-4FE7-A640-AC4DFB933450}.Debug|Any CPU.Build.0 = Debug|Any CPU
		{282CB274-FE18-4FE7-A640-AC4DFB933450}.Release|Any CPU.ActiveCfg = Release|Any CPU
		{282CB274-FE18-4FE7-A640-AC4DFB933450}.Release|Any CPU.Build.0 = Release|Any CPU
		{DD22930A-61D5-444D-BA85-DE0B32032937}.Debug|Any CPU.ActiveCfg = Debug|Any CPU
		{DD22930A-61D5-444D-BA85-DE0B32032937}.Debug|Any CPU.Build.0 = Debug|Any CPU
		{DD22930A-61D5-444D-BA85-DE0B32032937}.Debug|Any CPU.Deploy.0 = Debug|Any CPU
		{DD22930A-61D5-444D-BA85-DE0B32032937}.Release|Any CPU.ActiveCfg = Release|Any CPU
		{DD22930A-61D5-444D-BA85-DE0B32032937}.Release|Any CPU.Build.0 = Release|Any CPU
		{DD22930A-61D5-444D-BA85-DE0B32032937}.Release|Any CPU.Deploy.0 = Release|Any CPU
		{6FB16AEE-4282-41F1-B84C-6516981943EC}.Debug|Any CPU.ActiveCfg = Debug|Any CPU
		{6FB16AEE-4282-41F1-B84C-6516981943EC}.Debug|Any CPU.Build.0 = Debug|Any CPU
		{6FB16AEE-4282-41F1-B84C-6516981943EC}.Release|Any CPU.ActiveCfg = Release|Any CPU
		{6FB16AEE-4282-41F1-B84C-6516981943EC}.Release|Any CPU.Build.0 = Release|Any CPU
		{5BE0C7FF-7166-4EEE-B081-DAFF1F92E69B}.Debug|Any CPU.ActiveCfg = Debug|Any CPU
		{5BE0C7FF-7166-4EEE-B081-DAFF1F92E69B}.Debug|Any CPU.Build.0 = Debug|Any CPU
		{5BE0C7FF-7166-4EEE-B081-DAFF1F92E69B}.Release|Any CPU.ActiveCfg = Release|Any CPU
		{5BE0C7FF-7166-4EEE-B081-DAFF1F92E69B}.Release|Any CPU.Build.0 = Release|Any CPU
		{39649C08-8DE1-40A4-AE97-5B988A18843D}.Debug|Any CPU.ActiveCfg = Debug|Any CPU
		{39649C08-8DE1-40A4-AE97-5B988A18843D}.Debug|Any CPU.Build.0 = Debug|Any CPU
		{39649C08-8DE1-40A4-AE97-5B988A18843D}.Release|Any CPU.ActiveCfg = Release|Any CPU
		{39649C08-8DE1-40A4-AE97-5B988A18843D}.Release|Any CPU.Build.0 = Release|Any CPU
		{B9C10296-C758-40C0-BE87-1382F4381C46}.Debug|Any CPU.ActiveCfg = Debug|Any CPU
		{B9C10296-C758-40C0-BE87-1382F4381C46}.Debug|Any CPU.Build.0 = Debug|Any CPU
		{B9C10296-C758-40C0-BE87-1382F4381C46}.Release|Any CPU.ActiveCfg = Release|Any CPU
		{B9C10296-C758-40C0-BE87-1382F4381C46}.Release|Any CPU.Build.0 = Release|Any CPU
		{877CE0FA-D393-4834-88E9-05B09933CF42}.Debug|Any CPU.ActiveCfg = Debug|Any CPU
		{877CE0FA-D393-4834-88E9-05B09933CF42}.Debug|Any CPU.Build.0 = Debug|Any CPU
		{877CE0FA-D393-4834-88E9-05B09933CF42}.Release|Any CPU.ActiveCfg = Release|Any CPU
		{877CE0FA-D393-4834-88E9-05B09933CF42}.Release|Any CPU.Build.0 = Release|Any CPU
	EndGlobalSection
	GlobalSection(SolutionProperties) = preSolution
		HideSolutionNode = FALSE
	EndGlobalSection
	GlobalSection(ExtensibilityGlobals) = postSolution
		SolutionGuid = {4660C32E-2128-4C37-BF41-99615C1FEBEC}
	EndGlobalSection
EndGlobal
