
Microsoft Visual Studio Solution File, Format Version 12.00
# Visual Studio Version 16
VisualStudioVersion = 16.0.30523.141
MinimumVisualStudioVersion = 10.0.40219.1
Project("{9A19103F-16F7-4668-BE54-9A1E7A4F7556}") = "WIDGET-Object", "WIDGET-Object\WIDGET-Object.csproj", "{FB7F5BC3-36AF-45E5-A8F9-2EF42871387E}"
EndProject
Project("{9A19103F-16F7-4668-BE54-9A1E7A4F7556}") = "WIDGET-API", "WIDGET-API\WIDGET-API.csproj", "{5787E8BA-3142-4981-8150-2C83FF11B6B7}"
EndProject
Project("{9A19103F-16F7-4668-BE54-9A1E7A4F7556}") = "WIDGET-Context", "WIDGET-Context\WIDGET-Context.csproj", "{6636890E-83B5-4DA3-8915-C6D67164D83A}"
EndProject
Project("{9A19103F-16F7-4668-BE54-9A1E7A4F7556}") = "WIDGET-Controller", "WIDGET-Controller\WIDGET-Controller.csproj", "{282CB274-FE18-4FE7-A640-AC4DFB933450}"
EndProject
Project("{9A19103F-16F7-4668-BE54-9A1E7A4F7556}") = "WIDGET-Exception", "WIDGET-Exception\WIDGET-Exception.csproj", "{C7ED3332-C2AF-4155-84B2-BDB0698CEFE4}"
EndProject
Project("{9A19103F-16F7-4668-BE54-9A1E7A4F7556}") = "WIDGET", "WIDGET\WIDGET.csproj", "{20CA7DF5-F09E-40F8-91EC-F1758DB52995}"
EndProject
Global
	GlobalSection(SolutionConfigurationPlatforms) = preSolution
		Debug|Any CPU = Debug|Any CPU
		Release|Any CPU = Release|Any CPU
	EndGlobalSection
	GlobalSection(ProjectConfigurationPlatforms) = postSolution
		{FB7F5BC3-36AF-45E5-A8F9-2EF42871387E}.Debug|Any CPU.ActiveCfg = Debug|Any CPU
		{FB7F5BC3-36AF-45E5-A8F9-2EF42871387E}.Debug|Any CPU.Build.0 = Debug|Any CPU
		{FB7F5BC3-36AF-45E5-A8F9-2EF42871387E}.Release|Any CPU.ActiveCfg = Release|Any CPU
		{FB7F5BC3-36AF-45E5-A8F9-2EF42871387E}.Release|Any CPU.Build.0 = Release|Any CPU
		{5787E8BA-3142-4981-8150-2C83FF11B6B7}.Debug|Any CPU.ActiveCfg = Debug|Any CPU
		{5787E8BA-3142-4981-8150-2C83FF11B6B7}.Debug|Any CPU.Build.0 = Debug|Any CPU
		{5787E8BA-3142-4981-8150-2C83FF11B6B7}.Release|Any CPU.ActiveCfg = Release|Any CPU
		{5787E8BA-3142-4981-8150-2C83FF11B6B7}.Release|Any CPU.Build.0 = Release|Any CPU
		{6636890E-83B5-4DA3-8915-C6D67164D83A}.Debug|Any CPU.ActiveCfg = Debug|Any CPU
		{6636890E-83B5-4DA3-8915-C6D67164D83A}.Debug|Any CPU.Build.0 = Debug|Any CPU
		{6636890E-83B5-4DA3-8915-C6D67164D83A}.Release|Any CPU.ActiveCfg = Release|Any CPU
		{6636890E-83B5-4DA3-8915-C6D67164D83A}.Release|Any CPU.Build.0 = Release|Any CPU
		{282CB274-FE18-4FE7-A640-AC4DFB933450}.Debug|Any CPU.ActiveCfg = Debug|Any CPU
		{282CB274-FE18-4FE7-A640-AC4DFB933450}.Debug|Any CPU.Build.0 = Debug|Any CPU
		{282CB274-FE18-4FE7-A640-AC4DFB933450}.Release|Any CPU.ActiveCfg = Release|Any CPU
		{282CB274-FE18-4FE7-A640-AC4DFB933450}.Release|Any CPU.Build.0 = Release|Any CPU
		{C7ED3332-C2AF-4155-84B2-BDB0698CEFE4}.Debug|Any CPU.ActiveCfg = Debug|Any CPU
		{C7ED3332-C2AF-4155-84B2-BDB0698CEFE4}.Debug|Any CPU.Build.0 = Debug|Any CPU
		{C7ED3332-C2AF-4155-84B2-BDB0698CEFE4}.Release|Any CPU.ActiveCfg = Release|Any CPU
		{C7ED3332-C2AF-4155-84B2-BDB0698CEFE4}.Release|Any CPU.Build.0 = Release|Any CPU
		{20CA7DF5-F09E-40F8-91EC-F1758DB52995}.Debug|Any CPU.ActiveCfg = Debug|Any CPU
		{20CA7DF5-F09E-40F8-91EC-F1758DB52995}.Debug|Any CPU.Build.0 = Debug|Any CPU
		{20CA7DF5-F09E-40F8-91EC-F1758DB52995}.Release|Any CPU.ActiveCfg = Release|Any CPU
		{20CA7DF5-F09E-40F8-91EC-F1758DB52995}.Release|Any CPU.Build.0 = Release|Any CPU
	EndGlobalSection
	GlobalSection(SolutionProperties) = preSolution
		HideSolutionNode = FALSE
	EndGlobalSection
	GlobalSection(ExtensibilityGlobals) = postSolution
		SolutionGuid = {4660C32E-2128-4C37-BF41-99615C1FEBEC}
	EndGlobalSection
EndGlobal
