
Microsoft Visual Studio Solution File, Format Version 12.00
# Visual Studio Version 16
VisualStudioVersion = 16.0.30523.141
MinimumVisualStudioVersion = 10.0.40219.1
Project("{9A19103F-16F7-4668-BE54-9A1E7A4F7556}") = "WIDGET-API", "WIDGET-API\WIDGET-API.csproj", "{5787E8BA-3142-4981-8150-2C83FF11B6B7}"
EndProject
Project("{9A19103F-16F7-4668-BE54-9A1E7A4F7556}") = "WIDGET-Context", "WIDGET-Context\WIDGET-Context.csproj", "{6636890E-83B5-4DA3-8915-C6D67164D83A}"
EndProject
Project("{9A19103F-16F7-4668-BE54-9A1E7A4F7556}") = "WIDGET-Controller", "WIDGET-Controller\WIDGET-Controller.csproj", "{282CB274-FE18-4FE7-A640-AC4DFB933450}"
EndProject
Project("{9A19103F-16F7-4668-BE54-9A1E7A4F7556}") = "WIDGET", "WIDGET\WIDGET.csproj", "{20CA7DF5-F09E-40F8-91EC-F1758DB52995}"
EndProject
Project("{00D1A9C2-B5F0-4AF3-8072-F6C62B433612}") = "WIDGET-Database", "WIDGET-Database\WIDGET-Database.sqlproj", "{DD22930A-61D5-444D-BA85-DE0B32032937}"
EndProject
Project("{9A19103F-16F7-4668-BE54-9A1E7A4F7556}") = "WIDGET-Object-Net", "WIDGET-Object-Net\WIDGET-Object-Net.csproj", "{E0B41197-EDFB-4BA1-9543-AE9E878460E2}"
EndProject
Project("{9A19103F-16F7-4668-BE54-9A1E7A4F7556}") = "WIDGET-Object", "WIDGET-Object\WIDGET-Object.csproj", "{E66BF40B-608A-4AF0-85F8-2A1F65D9857C}"
EndProject
Project("{D954291E-2A0B-460D-934E-DC6B0785DB48}") = "WIDGET-Model", "WIDGET-Model\WIDGET-Model.shproj", "{3F5EC271-1EA2-4C8C-903C-FC99AA185F72}"
EndProject
Global
	GlobalSection(SharedMSBuildProjectFiles) = preSolution
		WIDGET-Model\WIDGET-Model.projitems*{3f5ec271-1ea2-4c8c-903c-fc99aa185f72}*SharedItemsImports = 13
	EndGlobalSection
	GlobalSection(SolutionConfigurationPlatforms) = preSolution
		Debug|Any CPU = Debug|Any CPU
		Release|Any CPU = Release|Any CPU
	EndGlobalSection
	GlobalSection(ProjectConfigurationPlatforms) = postSolution
		{5787E8BA-3142-4981-8150-2C83FF11B6B7}.Debug|Any CPU.ActiveCfg = Debug|Any CPU
		{5787E8BA-3142-4981-8150-2C83FF11B6B7}.Debug|Any CPU.Build.0 = Debug|Any CPU
		{5787E8BA-3142-4981-8150-2C83FF11B6B7}.Release|Any CPU.ActiveCfg = Release|Any CPU
		{5787E8BA-3142-4981-8150-2C83FF11B6B7}.Release|Any CPU.Build.0 = Release|Any CPU
		{6636890E-83B5-4DA3-8915-C6D67164D83A}.Debug|Any CPU.ActiveCfg = Debug|Any CPU
		{6636890E-83B5-4DA3-8915-C6D67164D83A}.Debug|Any CPU.Build.0 = Debug|Any CPU
		{6636890E-83B5-4DA3-8915-C6D67164D83A}.Release|Any CPU.ActiveCfg = Release|Any CPU
		{6636890E-83B5-4DA3-8915-C6D67164D83A}.Release|Any CPU.Build.0 = Release|Any CPU
		{282CB274-FE18-4FE7-A640-AC4DFB933450}.Debug|Any CPU.ActiveCfg = Debug|Any CPU
		{282CB274-FE18-4FE7-A640-AC4DFB933450}.Debug|Any CPU.Build.0 = Debug|Any CPU
		{282CB274-FE18-4FE7-A640-AC4DFB933450}.Release|Any CPU.ActiveCfg = Release|Any CPU
		{282CB274-FE18-4FE7-A640-AC4DFB933450}.Release|Any CPU.Build.0 = Release|Any CPU
		{20CA7DF5-F09E-40F8-91EC-F1758DB52995}.Debug|Any CPU.ActiveCfg = Debug|Any CPU
		{20CA7DF5-F09E-40F8-91EC-F1758DB52995}.Debug|Any CPU.Build.0 = Debug|Any CPU
		{20CA7DF5-F09E-40F8-91EC-F1758DB52995}.Release|Any CPU.ActiveCfg = Release|Any CPU
		{20CA7DF5-F09E-40F8-91EC-F1758DB52995}.Release|Any CPU.Build.0 = Release|Any CPU
		{DD22930A-61D5-444D-BA85-DE0B32032937}.Debug|Any CPU.ActiveCfg = Debug|Any CPU
		{DD22930A-61D5-444D-BA85-DE0B32032937}.Debug|Any CPU.Build.0 = Debug|Any CPU
		{DD22930A-61D5-444D-BA85-DE0B32032937}.Debug|Any CPU.Deploy.0 = Debug|Any CPU
		{DD22930A-61D5-444D-BA85-DE0B32032937}.Release|Any CPU.ActiveCfg = Release|Any CPU
		{DD22930A-61D5-444D-BA85-DE0B32032937}.Release|Any CPU.Build.0 = Release|Any CPU
		{DD22930A-61D5-444D-BA85-DE0B32032937}.Release|Any CPU.Deploy.0 = Release|Any CPU
		{E0B41197-EDFB-4BA1-9543-AE9E878460E2}.Debug|Any CPU.ActiveCfg = Debug|Any CPU
		{E0B41197-EDFB-4BA1-9543-AE9E878460E2}.Debug|Any CPU.Build.0 = Debug|Any CPU
		{E0B41197-EDFB-4BA1-9543-AE9E878460E2}.Release|Any CPU.ActiveCfg = Release|Any CPU
		{E0B41197-EDFB-4BA1-9543-AE9E878460E2}.Release|Any CPU.Build.0 = Release|Any CPU
		{E66BF40B-608A-4AF0-85F8-2A1F65D9857C}.Debug|Any CPU.ActiveCfg = Debug|Any CPU
		{E66BF40B-608A-4AF0-85F8-2A1F65D9857C}.Debug|Any CPU.Build.0 = Debug|Any CPU
		{E66BF40B-608A-4AF0-85F8-2A1F65D9857C}.Release|Any CPU.ActiveCfg = Release|Any CPU
		{E66BF40B-608A-4AF0-85F8-2A1F65D9857C}.Release|Any CPU.Build.0 = Release|Any CPU
	EndGlobalSection
	GlobalSection(SolutionProperties) = preSolution
		HideSolutionNode = FALSE
	EndGlobalSection
	GlobalSection(ExtensibilityGlobals) = postSolution
		SolutionGuid = {4660C32E-2128-4C37-BF41-99615C1FEBEC}
	EndGlobalSection
EndGlobal
